# This file is automatically @generated by Cargo.
# It is not intended for manual editing.
version = 4

[[package]]
name = "edgeagent-audit-projector"
version = "0.1.0"
dependencies = [
 "edgeagent-contracts",
 "edgeagent-service-runtime",
]

[[package]]
name = "edgeagent-contracts"
version = "0.1.0"

[[package]]
name = "edgeagent-execution-simulator"
version = "0.1.0"
dependencies = [
 "edgeagent-contracts",
 "edgeagent-service-runtime",
]

[[package]]
name = "edgeagent-gateway"
version = "0.1.0"
dependencies = [
 "edgeagent-contracts",
 "edgeagent-service-runtime",
]

[[package]]
name = "edgeagent-market-data"
version = "0.1.0"
dependencies = [
 "edgeagent-contracts",
 "edgeagent-service-runtime",
]

[[package]]
name = "edgeagent-research"
version = "0.1.0"
dependencies = [
 "edgeagent-contracts",
 "edgeagent-service-runtime",
]

[[package]]
name = "edgeagent-service-runtime"
version = "0.1.0"
dependencies = [
 "edgeagent-contracts",
]
